// !$*UTF8*$!
{
	archiveVersion = 1;
	classes = {
	};
	objectVersion = 55;
	objects = {

/* Begin PBXBuildFile section */
		DD180E39291AD38500E23D59 /* UnderPillowXPCDelegate.swift in Sources */ = {isa = PBXBuildFile; fileRef = DD180E38291AD38500E23D59 /* UnderPillowXPCDelegate.swift */; };
		DD180E3B291AD38500E23D59 /* main.swift in Sources */ = {isa = PBXBuildFile; fileRef = DD180E3A291AD38500E23D59 /* main.swift */; };
		DD180E3F291AD38500E23D59 /* UnderPillowXPC.xpc in Embed XPC Services */ = {isa = PBXBuildFile; fileRef = DD180E34291AD38500E23D59 /* UnderPillowXPC.xpc */; settings = {ATTRIBUTES = (RemoveHeadersOnCopy, ); }; };
		DD180E44291AF1EA00E23D59 /* UnderPillowXPCProtocol.swift in Sources */ = {isa = PBXBuildFile; fileRef = DD180E36291AD38500E23D59 /* UnderPillowXPCProtocol.swift */; };
		DD180E45291AF1EA00E23D59 /* UnderPillowXPC.swift in Sources */ = {isa = PBXBuildFile; fileRef = DD180E37291AD38500E23D59 /* UnderPillowXPC.swift */; };
		DD180E46291AF1EA00E23D59 /* UnderPillowXPCDelegate.swift in Sources */ = {isa = PBXBuildFile; fileRef = DD180E38291AD38500E23D59 /* UnderPillowXPCDelegate.swift */; };
		DD180E47291AF41D00E23D59 /* UnderPillowXPCProtocol.swift in Sources */ = {isa = PBXBuildFile; fileRef = DD180E36291AD38500E23D59 /* UnderPillowXPCProtocol.swift */; };
		DD180E48291AF41D00E23D59 /* UnderPillowXPC.swift in Sources */ = {isa = PBXBuildFile; fileRef = DD180E37291AD38500E23D59 /* UnderPillowXPC.swift */; };
		DD180E49291AF8B800E23D59 /* UnderPillowXPCProtocol.swift in Sources */ = {isa = PBXBuildFile; fileRef = DD180E36291AD38500E23D59 /* UnderPillowXPCProtocol.swift */; };
		DD180E4A291AF8B800E23D59 /* UnderPillowXPC.swift in Sources */ = {isa = PBXBuildFile; fileRef = DD180E37291AD38500E23D59 /* UnderPillowXPC.swift */; };
		DD180E4F291B14DF00E23D59 /* UnderPillowXPC.xpc in CopyFiles */ = {isa = PBXBuildFile; fileRef = DD180E34291AD38500E23D59 /* UnderPillowXPC.xpc */; settings = {ATTRIBUTES = (RemoveHeadersOnCopy, ); }; };
		DDF18A022919D4A700BC2201 /* UnderPillowApp.swift in Sources */ = {isa = PBXBuildFile; fileRef = DDF18A012919D4A700BC2201 /* UnderPillowApp.swift */; };
		DDF18A042919D4A700BC2201 /* ContentView.swift in Sources */ = {isa = PBXBuildFile; fileRef = DDF18A032919D4A700BC2201 /* ContentView.swift */; };
		DDF18A062919D4AA00BC2201 /* Assets.xcassets in Resources */ = {isa = PBXBuildFile; fileRef = DDF18A052919D4AA00BC2201 /* Assets.xcassets */; };
		DDF18A092919D4AA00BC2201 /* Preview Assets.xcassets in Resources */ = {isa = PBXBuildFile; fileRef = DDF18A082919D4AA00BC2201 /* Preview Assets.xcassets */; };
		DDF18A172919D4CC00BC2201 /* FinderSync.swift in Sources */ = {isa = PBXBuildFile; fileRef = DDF18A162919D4CC00BC2201 /* FinderSync.swift */; };
		DDF18A1C2919D4CC00BC2201 /* UnderPillow Finder.appex in Embed App Extensions */ = {isa = PBXBuildFile; fileRef = DDF18A142919D4CC00BC2201 /* UnderPillow Finder.appex */; settings = {ATTRIBUTES = (RemoveHeadersOnCopy, ); }; };
/* End PBXBuildFile section */

/* Begin PBXContainerItemProxy section */
		DD180E3D291AD38500E23D59 /* PBXContainerItemProxy */ = {
			isa = PBXContainerItemProxy;
			containerPortal = DDF189F62919D4A700BC2201 /* Project object */;
			proxyType = 1;
			remoteGlobalIDString = DD180E33291AD38500E23D59;
			remoteInfo = UnderPillowXPC;
		};
		DD180E4C291B14AE00E23D59 /* PBXContainerItemProxy */ = {
			isa = PBXContainerItemProxy;
			containerPortal = DDF189F62919D4A700BC2201 /* Project object */;
			proxyType = 1;
			remoteGlobalIDString = DD180E33291AD38500E23D59;
			remoteInfo = UnderPillowXPC;
		};
		DDF18A1A2919D4CC00BC2201 /* PBXContainerItemProxy */ = {
			isa = PBXContainerItemProxy;
			containerPortal = DDF189F62919D4A700BC2201 /* Project object */;
			proxyType = 1;
			remoteGlobalIDString = DDF18A132919D4CC00BC2201;
			remoteInfo = "UnderPillow Finder";
		};
/* End PBXContainerItemProxy section */

/* Begin PBXCopyFilesBuildPhase section */
		DD180E43291AD38500E23D59 /* Embed XPC Services */ = {
			isa = PBXCopyFilesBuildPhase;
			buildActionMask = 2147483647;
			dstPath = "$(CONTENTS_FOLDER_PATH)/XPCServices";
			dstSubfolderSpec = 16;
			files = (
				DD180E3F291AD38500E23D59 /* UnderPillowXPC.xpc in Embed XPC Services */,
			);
			name = "Embed XPC Services";
			runOnlyForDeploymentPostprocessing = 0;
		};
		DD180E4E291B14CD00E23D59 /* CopyFiles */ = {
			isa = PBXCopyFilesBuildPhase;
			buildActionMask = 2147483647;
			dstPath = "$(CONTENTS_FOLDER_PATH)/XPCServices";
			dstSubfolderSpec = 16;
			files = (
				DD180E4F291B14DF00E23D59 /* UnderPillowXPC.xpc in CopyFiles */,
			);
			runOnlyForDeploymentPostprocessing = 0;
		};
		DDF18A202919D4CC00BC2201 /* Embed App Extensions */ = {
			isa = PBXCopyFilesBuildPhase;
			buildActionMask = 2147483647;
			dstPath = "";
			dstSubfolderSpec = 13;
			files = (
				DDF18A1C2919D4CC00BC2201 /* UnderPillow Finder.appex in Embed App Extensions */,
			);
			name = "Embed App Extensions";
			runOnlyForDeploymentPostprocessing = 0;
		};
/* End PBXCopyFilesBuildPhase section */

/* Begin PBXFileReference section */
		DD180E34291AD38500E23D59 /* UnderPillowXPC.xpc */ = {isa = PBXFileReference; explicitFileType = "wrapper.xpc-service"; includeInIndex = 0; path = UnderPillowXPC.xpc; sourceTree = BUILT_PRODUCTS_DIR; };
		DD180E36291AD38500E23D59 /* UnderPillowXPCProtocol.swift */ = {isa = PBXFileReference; lastKnownFileType = sourcecode.swift; path = UnderPillowXPCProtocol.swift; sourceTree = "<group>"; };
		DD180E37291AD38500E23D59 /* UnderPillowXPC.swift */ = {isa = PBXFileReference; lastKnownFileType = sourcecode.swift; path = UnderPillowXPC.swift; sourceTree = "<group>"; };
		DD180E38291AD38500E23D59 /* UnderPillowXPCDelegate.swift */ = {isa = PBXFileReference; lastKnownFileType = sourcecode.swift; path = UnderPillowXPCDelegate.swift; sourceTree = "<group>"; };
		DD180E3A291AD38500E23D59 /* main.swift */ = {isa = PBXFileReference; lastKnownFileType = sourcecode.swift; path = main.swift; sourceTree = "<group>"; };
		DD180E3C291AD38500E23D59 /* Info.plist */ = {isa = PBXFileReference; lastKnownFileType = text.plist.xml; path = Info.plist; sourceTree = "<group>"; };
		DDF189FE2919D4A700BC2201 /* UnderPillow.app */ = {isa = PBXFileReference; explicitFileType = wrapper.application; includeInIndex = 0; path = UnderPillow.app; sourceTree = BUILT_PRODUCTS_DIR; };
		DDF18A012919D4A700BC2201 /* UnderPillowApp.swift */ = {isa = PBXFileReference; lastKnownFileType = sourcecode.swift; path = UnderPillowApp.swift; sourceTree = "<group>"; };
		DDF18A032919D4A700BC2201 /* ContentView.swift */ = {isa = PBXFileReference; lastKnownFileType = sourcecode.swift; path = ContentView.swift; sourceTree = "<group>"; };
		DDF18A052919D4AA00BC2201 /* Assets.xcassets */ = {isa = PBXFileReference; lastKnownFileType = folder.assetcatalog; path = Assets.xcassets; sourceTree = "<group>"; };
		DDF18A082919D4AA00BC2201 /* Preview Assets.xcassets */ = {isa = PBXFileReference; lastKnownFileType = folder.assetcatalog; path = "Preview Assets.xcassets"; sourceTree = "<group>"; };
		DDF18A0A2919D4AA00BC2201 /* UnderPillow.entitlements */ = {isa = PBXFileReference; lastKnownFileType = text.plist.entitlements; path = UnderPillow.entitlements; sourceTree = "<group>"; };
		DDF18A142919D4CC00BC2201 /* UnderPillow Finder.appex */ = {isa = PBXFileReference; explicitFileType = "wrapper.app-extension"; includeInIndex = 0; path = "UnderPillow Finder.appex"; sourceTree = BUILT_PRODUCTS_DIR; };
		DDF18A162919D4CC00BC2201 /* FinderSync.swift */ = {isa = PBXFileReference; lastKnownFileType = sourcecode.swift; path = FinderSync.swift; sourceTree = "<group>"; };
		DDF18A182919D4CC00BC2201 /* Info.plist */ = {isa = PBXFileReference; lastKnownFileType = text.plist.xml; path = Info.plist; sourceTree = "<group>"; };
		DDF18A192919D4CC00BC2201 /* UnderPillow_Finder.entitlements */ = {isa = PBXFileReference; lastKnownFileType = text.plist.entitlements; path = UnderPillow_Finder.entitlements; sourceTree = "<group>"; };
/* End PBXFileReference section */

/* Begin PBXFrameworksBuildPhase section */
		DD180E31291AD38500E23D59 /* Frameworks */ = {
			isa = PBXFrameworksBuildPhase;
			buildActionMask = 2147483647;
			files = (
			);
			runOnlyForDeploymentPostprocessing = 0;
		};
		DDF189FB2919D4A700BC2201 /* Frameworks */ = {
			isa = PBXFrameworksBuildPhase;
			buildActionMask = 2147483647;
			files = (
			);
			runOnlyForDeploymentPostprocessing = 0;
		};
		DDF18A112919D4CC00BC2201 /* Frameworks */ = {
			isa = PBXFrameworksBuildPhase;
			buildActionMask = 2147483647;
			files = (
			);
			runOnlyForDeploymentPostprocessing = 0;
		};
/* End PBXFrameworksBuildPhase section */

/* Begin PBXGroup section */
		DD180E35291AD38500E23D59 /* UnderPillowXPC */ = {
			isa = PBXGroup;
			children = (
				DD180E36291AD38500E23D59 /* UnderPillowXPCProtocol.swift */,
				DD180E37291AD38500E23D59 /* UnderPillowXPC.swift */,
				DD180E38291AD38500E23D59 /* UnderPillowXPCDelegate.swift */,
				DD180E3A291AD38500E23D59 /* main.swift */,
				DD180E3C291AD38500E23D59 /* Info.plist */,
			);
			path = UnderPillowXPC;
			sourceTree = "<group>";
		};
		DDF189F52919D4A700BC2201 = {
			isa = PBXGroup;
			children = (
				DDF18A002919D4A700BC2201 /* UnderPillow */,
				DDF18A152919D4CC00BC2201 /* UnderPillow Finder */,
				DD180E35291AD38500E23D59 /* UnderPillowXPC */,
				DDF189FF2919D4A700BC2201 /* Products */,
				DDF18A242919EBF300BC2201 /* Frameworks */,
			);
			sourceTree = "<group>";
		};
		DDF189FF2919D4A700BC2201 /* Products */ = {
			isa = PBXGroup;
			children = (
				DDF189FE2919D4A700BC2201 /* UnderPillow.app */,
				DDF18A142919D4CC00BC2201 /* UnderPillow Finder.appex */,
				DD180E34291AD38500E23D59 /* UnderPillowXPC.xpc */,
			);
			name = Products;
			sourceTree = "<group>";
		};
		DDF18A002919D4A700BC2201 /* UnderPillow */ = {
			isa = PBXGroup;
			children = (
				DDF18A012919D4A700BC2201 /* UnderPillowApp.swift */,
				DDF18A032919D4A700BC2201 /* ContentView.swift */,
				DDF18A052919D4AA00BC2201 /* Assets.xcassets */,
				DDF18A0A2919D4AA00BC2201 /* UnderPillow.entitlements */,
				DDF18A072919D4AA00BC2201 /* Preview Content */,
			);
			path = UnderPillow;
			sourceTree = "<group>";
		};
		DDF18A072919D4AA00BC2201 /* Preview Content */ = {
			isa = PBXGroup;
			children = (
				DDF18A082919D4AA00BC2201 /* Preview Assets.xcassets */,
			);
			path = "Preview Content";
			sourceTree = "<group>";
		};
		DDF18A152919D4CC00BC2201 /* UnderPillow Finder */ = {
			isa = PBXGroup;
			children = (
				DDF18A162919D4CC00BC2201 /* FinderSync.swift */,
				DDF18A182919D4CC00BC2201 /* Info.plist */,
				DDF18A192919D4CC00BC2201 /* UnderPillow_Finder.entitlements */,
			);
			path = "UnderPillow Finder";
			sourceTree = "<group>";
		};
		DDF18A242919EBF300BC2201 /* Frameworks */ = {
			isa = PBXGroup;
			children = (
			);
			name = Frameworks;
			sourceTree = "<group>";
		};
/* End PBXGroup section */

/* Begin PBXNativeTarget section */
		DD180E33291AD38500E23D59 /* UnderPillowXPC */ = {
			isa = PBXNativeTarget;
			buildConfigurationList = DD180E40291AD38500E23D59 /* Build configuration list for PBXNativeTarget "UnderPillowXPC" */;
			buildPhases = (
				DD180E30291AD38500E23D59 /* Sources */,
				DD180E31291AD38500E23D59 /* Frameworks */,
				DD180E32291AD38500E23D59 /* Resources */,
			);
			buildRules = (
			);
			dependencies = (
			);
			name = UnderPillowXPC;
			productName = UnderPillowXPC;
			productReference = DD180E34291AD38500E23D59 /* UnderPillowXPC.xpc */;
			productType = "com.apple.product-type.xpc-service";
		};
		DDF189FD2919D4A700BC2201 /* UnderPillow */ = {
			isa = PBXNativeTarget;
			buildConfigurationList = DDF18A0D2919D4AA00BC2201 /* Build configuration list for PBXNativeTarget "UnderPillow" */;
			buildPhases = (
				DDF189FA2919D4A700BC2201 /* Sources */,
				DDF189FB2919D4A700BC2201 /* Frameworks */,
				DDF189FC2919D4A700BC2201 /* Resources */,
				DDF18A202919D4CC00BC2201 /* Embed App Extensions */,
				DD180E43291AD38500E23D59 /* Embed XPC Services */,
			);
			buildRules = (
			);
			dependencies = (
				DDF18A1B2919D4CC00BC2201 /* PBXTargetDependency */,
				DD180E3E291AD38500E23D59 /* PBXTargetDependency */,
			);
			name = UnderPillow;
			packageProductDependencies = (
			);
			productName = UnderPillow;
			productReference = DDF189FE2919D4A700BC2201 /* UnderPillow.app */;
			productType = "com.apple.product-type.application";
		};
		DDF18A132919D4CC00BC2201 /* UnderPillow Finder */ = {
			isa = PBXNativeTarget;
			buildConfigurationList = DDF18A1D2919D4CC00BC2201 /* Build configuration list for PBXNativeTarget "UnderPillow Finder" */;
			buildPhases = (
				DDF18A102919D4CC00BC2201 /* Sources */,
				DDF18A112919D4CC00BC2201 /* Frameworks */,
				DDF18A122919D4CC00BC2201 /* Resources */,
				DD180E4E291B14CD00E23D59 /* CopyFiles */,
			);
			buildRules = (
			);
			dependencies = (
				DD180E4D291B14AE00E23D59 /* PBXTargetDependency */,
			);
			name = "UnderPillow Finder";
			packageProductDependencies = (
			);
			productName = "UnderPillow Finder";
			productReference = DDF18A142919D4CC00BC2201 /* UnderPillow Finder.appex */;
			productType = "com.apple.product-type.app-extension";
		};
/* End PBXNativeTarget section */

/* Begin PBXProject section */
		DDF189F62919D4A700BC2201 /* Project object */ = {
			isa = PBXProject;
			attributes = {
				BuildIndependentTargetsInParallel = 1;
				LastSwiftUpdateCheck = 1310;
				LastUpgradeCheck = 1310;
				TargetAttributes = {
					DD180E33291AD38500E23D59 = {
						CreatedOnToolsVersion = 13.1;
					};
					DDF189FD2919D4A700BC2201 = {
						CreatedOnToolsVersion = 13.1;
					};
					DDF18A132919D4CC00BC2201 = {
						CreatedOnToolsVersion = 13.1;
					};
				};
			};
			buildConfigurationList = DDF189F92919D4A700BC2201 /* Build configuration list for PBXProject "UnderPillow" */;
			compatibilityVersion = "Xcode 13.0";
			developmentRegion = en;
			hasScannedForEncodings = 0;
			knownRegions = (
				en,
				Base,
			);
			mainGroup = DDF189F52919D4A700BC2201;
			packageReferences = (
				DDF18A212919EB0400BC2201 /* XCRemoteSwiftPackageReference "PythonKit" */,
			);
			productRefGroup = DDF189FF2919D4A700BC2201 /* Products */;
			projectDirPath = "";
			projectRoot = "";
			targets = (
				DDF189FD2919D4A700BC2201 /* UnderPillow */,
				DDF18A132919D4CC00BC2201 /* UnderPillow Finder */,
				DD180E33291AD38500E23D59 /* UnderPillowXPC */,
			);
		};
/* End PBXProject section */

/* Begin PBXResourcesBuildPhase section */
		DD180E32291AD38500E23D59 /* Resources */ = {
			isa = PBXResourcesBuildPhase;
			buildActionMask = 2147483647;
			files = (
			);
			runOnlyForDeploymentPostprocessing = 0;
		};
		DDF189FC2919D4A700BC2201 /* Resources */ = {
			isa = PBXResourcesBuildPhase;
			buildActionMask = 2147483647;
			files = (
				DDF18A092919D4AA00BC2201 /* Preview Assets.xcassets in Resources */,
				DDF18A062919D4AA00BC2201 /* Assets.xcassets in Resources */,
			);
			runOnlyForDeploymentPostprocessing = 0;
		};
		DDF18A122919D4CC00BC2201 /* Resources */ = {
			isa = PBXResourcesBuildPhase;
			buildActionMask = 2147483647;
			files = (
			);
			runOnlyForDeploymentPostprocessing = 0;
		};
/* End PBXResourcesBuildPhase section */

/* Begin PBXSourcesBuildPhase section */
		DD180E30291AD38500E23D59 /* Sources */ = {
			isa = PBXSourcesBuildPhase;
			buildActionMask = 2147483647;
			files = (
				DD180E47291AF41D00E23D59 /* UnderPillowXPCProtocol.swift in Sources */,
				DD180E48291AF41D00E23D59 /* UnderPillowXPC.swift in Sources */,
				DD180E3B291AD38500E23D59 /* main.swift in Sources */,
				DD180E39291AD38500E23D59 /* UnderPillowXPCDelegate.swift in Sources */,
			);
			runOnlyForDeploymentPostprocessing = 0;
		};
		DDF189FA2919D4A700BC2201 /* Sources */ = {
			isa = PBXSourcesBuildPhase;
			buildActionMask = 2147483647;
			files = (
				DD180E49291AF8B800E23D59 /* UnderPillowXPCProtocol.swift in Sources */,
				DD180E4A291AF8B800E23D59 /* UnderPillowXPC.swift in Sources */,
				DDF18A042919D4A700BC2201 /* ContentView.swift in Sources */,
				DDF18A022919D4A700BC2201 /* UnderPillowApp.swift in Sources */,
			);
			runOnlyForDeploymentPostprocessing = 0;
		};
		DDF18A102919D4CC00BC2201 /* Sources */ = {
			isa = PBXSourcesBuildPhase;
			buildActionMask = 2147483647;
			files = (
				DD180E44291AF1EA00E23D59 /* UnderPillowXPCProtocol.swift in Sources */,
				DD180E45291AF1EA00E23D59 /* UnderPillowXPC.swift in Sources */,
				DD180E46291AF1EA00E23D59 /* UnderPillowXPCDelegate.swift in Sources */,
				DDF18A172919D4CC00BC2201 /* FinderSync.swift in Sources */,
			);
			runOnlyForDeploymentPostprocessing = 0;
		};
/* End PBXSourcesBuildPhase section */

/* Begin PBXTargetDependency section */
		DD180E3E291AD38500E23D59 /* PBXTargetDependency */ = {
			isa = PBXTargetDependency;
			target = DD180E33291AD38500E23D59 /* UnderPillowXPC */;
			targetProxy = DD180E3D291AD38500E23D59 /* PBXContainerItemProxy */;
		};
		DD180E4D291B14AE00E23D59 /* PBXTargetDependency */ = {
			isa = PBXTargetDependency;
			target = DD180E33291AD38500E23D59 /* UnderPillowXPC */;
			targetProxy = DD180E4C291B14AE00E23D59 /* PBXContainerItemProxy */;
		};
		DDF18A1B2919D4CC00BC2201 /* PBXTargetDependency */ = {
			isa = PBXTargetDependency;
			target = DDF18A132919D4CC00BC2201 /* UnderPillow Finder */;
			targetProxy = DDF18A1A2919D4CC00BC2201 /* PBXContainerItemProxy */;
		};
/* End PBXTargetDependency section */

/* Begin XCBuildConfiguration section */
		DD180E41291AD38500E23D59 /* Debug */ = {
			isa = XCBuildConfiguration;
			buildSettings = {
				CODE_SIGN_IDENTITY = "Developer ID Application";
				CODE_SIGN_STYLE = Manual;
				COMBINE_HIDPI_IMAGES = YES;
				CURRENT_PROJECT_VERSION = 1;
				DEVELOPMENT_TEAM = D3SBBNFWTC;
				ENABLE_HARDENED_RUNTIME = YES;
				GENERATE_INFOPLIST_FILE = YES;
				INFOPLIST_FILE = UnderPillowXPC/Info.plist;
				INFOPLIST_KEY_CFBundleDisplayName = UnderPillowXPC;
				INFOPLIST_KEY_NSHumanReadableCopyright = "";
				MARKETING_VERSION = 1.0;
				PRODUCT_BUNDLE_IDENTIFIER = "Crispy-Driven-Pixels.UnderPillowXPC";
				PRODUCT_NAME = "$(TARGET_NAME)";
				PROVISIONING_PROFILE_SPECIFIER = "";
				SKIP_INSTALL = YES;
				SWIFT_EMIT_LOC_STRINGS = YES;
				SWIFT_INSTALL_OBJC_HEADER = NO;
				SWIFT_OBJC_INTERFACE_HEADER_NAME = "";
				SWIFT_VERSION = 5.0;
			};
			name = Debug;
		};
		DD180E42291AD38500E23D59 /* Release */ = {
			isa = XCBuildConfiguration;
			buildSettings = {
				CODE_SIGN_IDENTITY = "Developer ID Application";
				CODE_SIGN_STYLE = Manual;
				COMBINE_HIDPI_IMAGES = YES;
				CURRENT_PROJECT_VERSION = 1;
				DEVELOPMENT_TEAM = D3SBBNFWTC;
				ENABLE_HARDENED_RUNTIME = YES;
				GENERATE_INFOPLIST_FILE = YES;
				INFOPLIST_FILE = UnderPillowXPC/Info.plist;
				INFOPLIST_KEY_CFBundleDisplayName = UnderPillowXPC;
				INFOPLIST_KEY_NSHumanReadableCopyright = "";
				MARKETING_VERSION = 1.0;
				PRODUCT_BUNDLE_IDENTIFIER = "Crispy-Driven-Pixels.UnderPillowXPC";
				PRODUCT_NAME = "$(TARGET_NAME)";
				PROVISIONING_PROFILE_SPECIFIER = "";
				SKIP_INSTALL = YES;
				SWIFT_EMIT_LOC_STRINGS = YES;
				SWIFT_INSTALL_OBJC_HEADER = NO;
				SWIFT_OBJC_INTERFACE_HEADER_NAME = "";
				SWIFT_VERSION = 5.0;
			};
			name = Release;
		};
		DDF18A0B2919D4AA00BC2201 /* Debug */ = {
			isa = XCBuildConfiguration;
			buildSettings = {
				ALWAYS_SEARCH_USER_PATHS = NO;
				CLANG_ANALYZER_NONNULL = YES;
				CLANG_ANALYZER_NUMBER_OBJECT_CONVERSION = YES_AGGRESSIVE;
				CLANG_CXX_LANGUAGE_STANDARD = "gnu++17";
				CLANG_CXX_LIBRARY = "libc++";
				CLANG_ENABLE_MODULES = YES;
				CLANG_ENABLE_OBJC_ARC = YES;
				CLANG_ENABLE_OBJC_WEAK = YES;
				CLANG_WARN_BLOCK_CAPTURE_AUTORELEASING = YES;
				CLANG_WARN_BOOL_CONVERSION = YES;
				CLANG_WARN_COMMA = YES;
				CLANG_WARN_CONSTANT_CONVERSION = YES;
				CLANG_WARN_DEPRECATED_OBJC_IMPLEMENTATIONS = YES;
				CLANG_WARN_DIRECT_OBJC_ISA_USAGE = YES_ERROR;
				CLANG_WARN_DOCUMENTATION_COMMENTS = YES;
				CLANG_WARN_EMPTY_BODY = YES;
				CLANG_WARN_ENUM_CONVERSION = YES;
				CLANG_WARN_INFINITE_RECURSION = YES;
				CLANG_WARN_INT_CONVERSION = YES;
				CLANG_WARN_NON_LITERAL_NULL_CONVERSION = YES;
				CLANG_WARN_OBJC_IMPLICIT_RETAIN_SELF = YES;
				CLANG_WARN_OBJC_LITERAL_CONVERSION = YES;
				CLANG_WARN_OBJC_ROOT_CLASS = YES_ERROR;
				CLANG_WARN_QUOTED_INCLUDE_IN_FRAMEWORK_HEADER = YES;
				CLANG_WARN_RANGE_LOOP_ANALYSIS = YES;
				CLANG_WARN_STRICT_PROTOTYPES = YES;
				CLANG_WARN_SUSPICIOUS_MOVE = YES;
				CLANG_WARN_UNGUARDED_AVAILABILITY = YES_AGGRESSIVE;
				CLANG_WARN_UNREACHABLE_CODE = YES;
				CLANG_WARN__DUPLICATE_METHOD_MATCH = YES;
				COPY_PHASE_STRIP = NO;
				DEBUG_INFORMATION_FORMAT = dwarf;
				ENABLE_STRICT_OBJC_MSGSEND = YES;
				ENABLE_TESTABILITY = YES;
				GCC_C_LANGUAGE_STANDARD = gnu11;
				GCC_DYNAMIC_NO_PIC = NO;
				GCC_NO_COMMON_BLOCKS = YES;
				GCC_OPTIMIZATION_LEVEL = 0;
				GCC_PREPROCESSOR_DEFINITIONS = (
					"DEBUG=1",
					"$(inherited)",
				);
				GCC_WARN_64_TO_32_BIT_CONVERSION = YES;
				GCC_WARN_ABOUT_RETURN_TYPE = YES_ERROR;
				GCC_WARN_UNDECLARED_SELECTOR = YES;
				GCC_WARN_UNINITIALIZED_AUTOS = YES_AGGRESSIVE;
				GCC_WARN_UNUSED_FUNCTION = YES;
				GCC_WARN_UNUSED_VARIABLE = YES;
				MACOSX_DEPLOYMENT_TARGET = 11.7;
				MTL_ENABLE_DEBUG_INFO = INCLUDE_SOURCE;
				MTL_FAST_MATH = YES;
				ONLY_ACTIVE_ARCH = YES;
				SDKROOT = macosx;
				SWIFT_ACTIVE_COMPILATION_CONDITIONS = DEBUG;
				SWIFT_OPTIMIZATION_LEVEL = "-Onone";
			};
			name = Debug;
		};
		DDF18A0C2919D4AA00BC2201 /* Release */ = {
			isa = XCBuildConfiguration;
			buildSettings = {
				ALWAYS_SEARCH_USER_PATHS = NO;
				CLANG_ANALYZER_NONNULL = YES;
				CLANG_ANALYZER_NUMBER_OBJECT_CONVERSION = YES_AGGRESSIVE;
				CLANG_CXX_LANGUAGE_STANDARD = "gnu++17";
				CLANG_CXX_LIBRARY = "libc++";
				CLANG_ENABLE_MODULES = YES;
				CLANG_ENABLE_OBJC_ARC = YES;
				CLANG_ENABLE_OBJC_WEAK = YES;
				CLANG_WARN_BLOCK_CAPTURE_AUTORELEASING = YES;
				CLANG_WARN_BOOL_CONVERSION = YES;
				CLANG_WARN_COMMA = YES;
				CLANG_WARN_CONSTANT_CONVERSION = YES;
				CLANG_WARN_DEPRECATED_OBJC_IMPLEMENTATIONS = YES;
				CLANG_WARN_DIRECT_OBJC_ISA_USAGE = YES_ERROR;
				CLANG_WARN_DOCUMENTATION_COMMENTS = YES;
				CLANG_WARN_EMPTY_BODY = YES;
				CLANG_WARN_ENUM_CONVERSION = YES;
				CLANG_WARN_INFINITE_RECURSION = YES;
				CLANG_WARN_INT_CONVERSION = YES;
				CLANG_WARN_NON_LITERAL_NULL_CONVERSION = YES;
				CLANG_WARN_OBJC_IMPLICIT_RETAIN_SELF = YES;
				CLANG_WARN_OBJC_LITERAL_CONVERSION = YES;
				CLANG_WARN_OBJC_ROOT_CLASS = YES_ERROR;
				CLANG_WARN_QUOTED_INCLUDE_IN_FRAMEWORK_HEADER = YES;
				CLANG_WARN_RANGE_LOOP_ANALYSIS = YES;
				CLANG_WARN_STRICT_PROTOTYPES = YES;
				CLANG_WARN_SUSPICIOUS_MOVE = YES;
				CLANG_WARN_UNGUARDED_AVAILABILITY = YES_AGGRESSIVE;
				CLANG_WARN_UNREACHABLE_CODE = YES;
				CLANG_WARN__DUPLICATE_METHOD_MATCH = YES;
				COPY_PHASE_STRIP = NO;
				DEBUG_INFORMATION_FORMAT = "dwarf-with-dsym";
				ENABLE_NS_ASSERTIONS = NO;
				ENABLE_STRICT_OBJC_MSGSEND = YES;
				GCC_C_LANGUAGE_STANDARD = gnu11;
				GCC_NO_COMMON_BLOCKS = YES;
				GCC_WARN_64_TO_32_BIT_CONVERSION = YES;
				GCC_WARN_ABOUT_RETURN_TYPE = YES_ERROR;
				GCC_WARN_UNDECLARED_SELECTOR = YES;
				GCC_WARN_UNINITIALIZED_AUTOS = YES_AGGRESSIVE;
				GCC_WARN_UNUSED_FUNCTION = YES;
				GCC_WARN_UNUSED_VARIABLE = YES;
				MACOSX_DEPLOYMENT_TARGET = 11.7;
				MTL_ENABLE_DEBUG_INFO = NO;
				MTL_FAST_MATH = YES;
				SDKROOT = macosx;
				SWIFT_COMPILATION_MODE = wholemodule;
				SWIFT_OPTIMIZATION_LEVEL = "-O";
			};
			name = Release;
		};
		DDF18A0E2919D4AA00BC2201 /* Debug */ = {
			isa = XCBuildConfiguration;
			buildSettings = {
				ALWAYS_EMBED_SWIFT_STANDARD_LIBRARIES = YES;
				ASSETCATALOG_COMPILER_APPICON_NAME = AppIcon;
				ASSETCATALOG_COMPILER_GLOBAL_ACCENT_COLOR_NAME = AccentColor;
				ASSETCATALOG_COMPILER_INCLUDE_ALL_APPICON_ASSETS = YES;
				CODE_SIGN_ENTITLEMENTS = UnderPillow/UnderPillow.entitlements;
				CODE_SIGN_IDENTITY = "Developer ID Application";
				CODE_SIGN_STYLE = Manual;
				COMBINE_HIDPI_IMAGES = YES;
				CURRENT_PROJECT_VERSION = 1;
				DEVELOPMENT_ASSET_PATHS = "\"UnderPillow/Preview Content\"";
				DEVELOPMENT_TEAM = D3SBBNFWTC;
				ENABLE_HARDENED_RUNTIME = YES;
				ENABLE_PREVIEWS = YES;
				GENERATE_INFOPLIST_FILE = YES;
				INFOPLIST_KEY_NSHumanReadableCopyright = "";
				LD_RUNPATH_SEARCH_PATHS = (
					"$(inherited)",
					"@executable_path/../Frameworks",
				);
				MARKETING_VERSION = 1.0;
				PRODUCT_BUNDLE_IDENTIFIER = "Crispy-Driven-Pixels.UnderPillow";
				PRODUCT_NAME = "$(TARGET_NAME)";
				PROVISIONING_PROFILE_SPECIFIER = "";
				SWIFT_EMIT_LOC_STRINGS = YES;
				SWIFT_VERSION = 5.0;
			};
			name = Debug;
		};
		DDF18A0F2919D4AA00BC2201 /* Release */ = {
			isa = XCBuildConfiguration;
			buildSettings = {
				ALWAYS_EMBED_SWIFT_STANDARD_LIBRARIES = YES;
				ASSETCATALOG_COMPILER_APPICON_NAME = AppIcon;
				ASSETCATALOG_COMPILER_GLOBAL_ACCENT_COLOR_NAME = AccentColor;
				ASSETCATALOG_COMPILER_INCLUDE_ALL_APPICON_ASSETS = YES;
				CODE_SIGN_ENTITLEMENTS = UnderPillow/UnderPillow.entitlements;
				CODE_SIGN_IDENTITY = "Developer ID Application";
				CODE_SIGN_STYLE = Manual;
				COMBINE_HIDPI_IMAGES = YES;
				CURRENT_PROJECT_VERSION = 1;
				DEVELOPMENT_ASSET_PATHS = "\"UnderPillow/Preview Content\"";
				DEVELOPMENT_TEAM = D3SBBNFWTC;
				ENABLE_HARDENED_RUNTIME = YES;
				ENABLE_PREVIEWS = YES;
				GENERATE_INFOPLIST_FILE = YES;
				INFOPLIST_KEY_NSHumanReadableCopyright = "";
				LD_RUNPATH_SEARCH_PATHS = (
					"$(inherited)",
					"@executable_path/../Frameworks",
				);
				MARKETING_VERSION = 1.0;
				PRODUCT_BUNDLE_IDENTIFIER = "Crispy-Driven-Pixels.UnderPillow";
				PRODUCT_NAME = "$(TARGET_NAME)";
				PROVISIONING_PROFILE_SPECIFIER = "";
				SWIFT_EMIT_LOC_STRINGS = YES;
				SWIFT_VERSION = 5.0;
			};
			name = Release;
		};
		DDF18A1E2919D4CC00BC2201 /* Debug */ = {
			isa = XCBuildConfiguration;
			buildSettings = {
				CODE_SIGN_ENTITLEMENTS = "UnderPillow Finder/UnderPillow_Finder.entitlements";
				CODE_SIGN_IDENTITY = "Developer ID Application";
				CODE_SIGN_STYLE = Manual;
				COMBINE_HIDPI_IMAGES = YES;
				CURRENT_PROJECT_VERSION = 1;
				DEVELOPMENT_TEAM = D3SBBNFWTC;
				ENABLE_HARDENED_RUNTIME = YES;
				GENERATE_INFOPLIST_FILE = YES;
				INFOPLIST_FILE = "UnderPillow Finder/Info.plist";
				INFOPLIST_KEY_CFBundleDisplayName = "UnderPillow Finder";
				INFOPLIST_KEY_NSHumanReadableCopyright = "";
				LD_RUNPATH_SEARCH_PATHS = (
					"$(inherited)",
					"@executable_path/../Frameworks",
					"@executable_path/../../../../Frameworks",
				);
				MARKETING_VERSION = 1.0;
				PRODUCT_BUNDLE_IDENTIFIER = "Crispy-Driven-Pixels.UnderPillow.UnderPillow-Finder";
				PRODUCT_NAME = "$(TARGET_NAME)";
				PROVISIONING_PROFILE_SPECIFIER = "";
				SKIP_INSTALL = YES;
				SWIFT_EMIT_LOC_STRINGS = YES;
				SWIFT_VERSION = 5.0;
			};
			name = Debug;
		};
		DDF18A1F2919D4CC00BC2201 /* Release */ = {
			isa = XCBuildConfiguration;
			buildSettings = {
				CODE_SIGN_ENTITLEMENTS = "UnderPillow Finder/UnderPillow_Finder.entitlements";
				CODE_SIGN_IDENTITY = "Developer ID Application";
				CODE_SIGN_STYLE = Manual;
				COMBINE_HIDPI_IMAGES = YES;
				CURRENT_PROJECT_VERSION = 1;
				DEVELOPMENT_TEAM = D3SBBNFWTC;
				ENABLE_HARDENED_RUNTIME = YES;
				GENERATE_INFOPLIST_FILE = YES;
				INFOPLIST_FILE = "UnderPillow Finder/Info.plist";
				INFOPLIST_KEY_CFBundleDisplayName = "UnderPillow Finder";
				INFOPLIST_KEY_NSHumanReadableCopyright = "";
				LD_RUNPATH_SEARCH_PATHS = (
					"$(inherited)",
					"@executable_path/../Frameworks",
					"@executable_path/../../../../Frameworks",
				);
				MARKETING_VERSION = 1.0;
				PRODUCT_BUNDLE_IDENTIFIER = "Crispy-Driven-Pixels.UnderPillow.UnderPillow-Finder";
				PRODUCT_NAME = "$(TARGET_NAME)";
				PROVISIONING_PROFILE_SPECIFIER = "";
				SKIP_INSTALL = YES;
				SWIFT_EMIT_LOC_STRINGS = YES;
				SWIFT_VERSION = 5.0;
			};
			name = Release;
		};
/* End XCBuildConfiguration section */

/* Begin XCConfigurationList section */
		DD180E40291AD38500E23D59 /* Build configuration list for PBXNativeTarget "UnderPillowXPC" */ = {
			isa = XCConfigurationList;
			buildConfigurations = (
				DD180E41291AD38500E23D59 /* Debug */,
				DD180E42291AD38500E23D59 /* Release */,
			);
			defaultConfigurationIsVisible = 0;
			defaultConfigurationName = Release;
		};
		DDF189F92919D4A700BC2201 /* Build configuration list for PBXProject "UnderPillow" */ = {
			isa = XCConfigurationList;
			buildConfigurations = (
				DDF18A0B2919D4AA00BC2201 /* Debug */,
				DDF18A0C2919D4AA00BC2201 /* Release */,
			);
			defaultConfigurationIsVisible = 0;
			defaultConfigurationName = Release;
		};
		DDF18A0D2919D4AA00BC2201 /* Build configuration list for PBXNativeTarget "UnderPillow" */ = {
			isa = XCConfigurationList;
			buildConfigurations = (
				DDF18A0E2919D4AA00BC2201 /* Debug */,
				DDF18A0F2919D4AA00BC2201 /* Release */,
			);
			defaultConfigurationIsVisible = 0;
			defaultConfigurationName = Release;
		};
		DDF18A1D2919D4CC00BC2201 /* Build configuration list for PBXNativeTarget "UnderPillow Finder" */ = {
			isa = XCConfigurationList;
			buildConfigurations = (
				DDF18A1E2919D4CC00BC2201 /* Debug */,
				DDF18A1F2919D4CC00BC2201 /* Release */,
			);
			defaultConfigurationIsVisible = 0;
			defaultConfigurationName = Release;
		};
/* End XCConfigurationList section */

/* Begin XCRemoteSwiftPackageReference section */
		DDF18A212919EB0400BC2201 /* XCRemoteSwiftPackageReference "PythonKit" */ = {
			isa = XCRemoteSwiftPackageReference;
			repositoryURL = "https://github.com/pvieito/PythonKit";
			requirement = {
				kind = upToNextMajorVersion;
				minimumVersion = 0.3.1;
			};
		};
/* End XCRemoteSwiftPackageReference section */
	};
	rootObject = DDF189F62919D4A700BC2201 /* Project object */;
}
