{
  "object": {
    "pins": [
      {
        "package": "PythonKit",
        "repositoryURL": "https://github.com/pvieito/PythonKit",
        "state": {
          "branch": null,
          "revision": "81f621d094a7c8923207efe5178f50dba1b56c39",
          "version": "0.3.1"
        }
      }
    ]
  },
  "version": 1
}
